#MicroXplorer Configuration settings - do not modify
PH0-OSC_IN.Locked=true
PD12.GPIO_Label=e_digSens0A
PC7.GPIOParameters=GPIO_Label
PH0-OSC_IN.Signal=RCC_OSC_IN
USART2.IPParameters=VirtualMode
SPI4.VirtualType=VM_MASTER
PE11.GPIOParameters=GPIO_Label
SPI1.VirtualType=VM_MASTER
SPI2.VirtualType=VM_MASTER
PC12.Locked=true
TIM1.IPParameters=Channel-PWM Generation1 CH1,Channel-PWM Generation2 CH2,Channel-PWM Generation3 CH3
RCC.PLLCLKFreq_Value=96000000
PC12.Signal=GPIO_Output
PA14.GPIO_Label=SWCLK
RCC.PLLQCLKFreq_Value=96000000
PD3.GPIOParameters=GPIO_Label
PD8.Locked=true
PC6.GPIO_Label=mtr2_pwm0
PC3.Locked=true
PA3.GPIOParameters=GPIO_Label
PA6.GPIO_Label=SPI1_MISO
PD0.Locked=true
PD4.Locked=true
PD2.GPIOParameters=GPIO_Label
SH.S_TIM1_CH1.ConfNb=1
USART1.IPParameters=VirtualMode
PB13.Signal=SPI2_SCK
RCC.SAIAFreq_Value=96000000
PA2.GPIOParameters=GPIO_Label
PC15-OSC32_OUT.GPIO_Label=en_vlv1
PinOutPanel.RotationAngle=0
PE6.GPIO_Label=en_vlv4
NVIC.SVCall_IRQn=true\:0\:0\:false\:false\:true\:false\:false
SH.S_TIM3_CH2.ConfNb=1
SPI1.Direction=SPI_DIRECTION_2LINES
TIM2.IPParameters=Channel-PWM Generation1 CH1,Channel-PWM Generation2 CH2
PD4.Signal=GPIO_Output
PB6.Signal=USART1_TX
PC7.Signal=S_TIM8_CH2
PB6.Mode=Asynchronous
SPI1.CalculateBaudRate=8.0 MBits/s
PC3.Signal=GPIO_Output
PD0.Signal=GPIO_Output
PD8.Signal=GPIO_Output
PE5.Signal=GPIO_Output
PE10.Locked=true
PE1.Signal=GPIO_Output
PB13.Locked=true
PE14.Locked=true
ProjectManager.ProjectBuild=false
NVIC.UsageFault_IRQn=true\:0\:0\:false\:false\:true\:false\:false
PB2.Signal=GPIO_Output
PB3.Mode=JTAG_4_pins
PA8.Locked=true
PA4.Locked=true
PD1.GPIOParameters=GPIO_Label
PD1.GPIO_Label=mtr3_in2
PB12.GPIO_Label=SD_CS
ProjectManager.FirmwarePackage=STM32Cube FW_F4 V1.24.2
MxDb.Version=DB.5.0.40
PB0.GPIOParameters=GPIO_Label
PE15.Locked=true
PE0.GPIOParameters=GPIO_Label
PA1.GPIOParameters=GPIO_Label
ProjectManager.BackupPrevious=false
PC4.GPIO_Label=adc0_cnvst
TIM1.Channel-PWM\ Generation1\ CH1=TIM_CHANNEL_1
PE9.Signal=GPIO_Output
PE9.Locked=true
PB14.Mode=Full_Duplex_Master
PB1.GPIO_Label=adc1_cnvst
PE4.GPIO_Label=en_vlv6
SPI2.CalculateBaudRate=8.0 MBits/s
PH1-OSC_OUT.Locked=true
SH.S_TIM4_CH2.0=TIM4_CH2,Xored_Inputs_Hall_Sensor_Interface
PE2.Signal=GPIO_Output
PA8.Signal=S_TIM1_CH1
RCC.PLLRCLKFreq_Value=96000000
PE13.Mode=Full_Duplex_Master
PE1.Locked=true
NVIC.PendSV_IRQn=true\:0\:0\:false\:false\:true\:false\:false
SH.S_TIM5_CH2.ConfNb=1
PE10.Signal=GPIO_Output
ProjectManager.HalAssertFull=false
SH.S_TIM8_CH1.ConfNb=1
PC8.GPIOParameters=GPIO_Label
Mcu.Package=LQFP100
PB9.Signal=S_TIM2_CH2
PB1.Signal=GPIO_Output
TIM8.Channel-PWM\ Generation3\ CH3=TIM_CHANNEL_3
SPI2.Mode=SPI_MODE_MASTER
PD11.Locked=true
PE10.GPIOParameters=GPIO_Label
PD12.Signal=S_TIM4_CH1
PA14.Locked=true
VP_SYS_VS_Systick.Signal=SYS_VS_Systick
PA10.Signal=S_TIM1_CH3
PA5.GPIOParameters=GPIO_Label
SH.S_TIM4_CH1.0=TIM4_CH1,Xored_Inputs_Hall_Sensor_Interface
RCC.CECFreq_Value=32786.88524590164
NVIC.BusFault_IRQn=true\:0\:0\:false\:false\:true\:false\:false
PB10.GPIOParameters=GPIO_Label
PB13.Mode=Full_Duplex_Master
PE6.Locked=true
PC15-OSC32_OUT.GPIOParameters=GPIO_Label
PE10.GPIO_Label=tc1_cs
PA4.GPIO_Label=adc0_eoc
ProjectManager.CustomerFirmwarePackage=
PC4.GPIOParameters=GPIO_Label
RCC.PLLSAIQCLKFreq_Value=96000000
PA5.Mode=Full_Duplex_Master
SH.S_TIM8_CH3.0=TIM8_CH3,PWM Generation3 CH3
PE12.Mode=Full_Duplex_Master
PA6.GPIOParameters=GPIO_Label
Mcu.Pin80=VP_SYS_VS_Systick
SH.S_TIM4_CH1.ConfNb=1
Mcu.Pin81=VP_TIM4_VS_ClockSourceINT
ProjectManager.ProjectFileName=pressurization_series1_uC.ioc
Mcu.Pin79=PE1
PD9.GPIO_Label=mtr2_in0
PA15.GPIOParameters=GPIO_Label
Mcu.PinsNb=82
PC11.Locked=true
Mcu.Pin73=PB5
Mcu.Pin74=PB6
Mcu.Pin71=PB3
Mcu.Pin72=PB4
PC13.Locked=true
Mcu.Pin77=PB9
Mcu.Pin78=PE0
Mcu.Pin75=PB7
PA9.GPIO_Label=mtr3_pwm1
PC13.Signal=GPIO_Output
Mcu.Pin76=PB8
PD3.Signal=GPIO_Output
Mcu.Pin70=PD7
PC2.Signal=GPIO_Output
PC6.Signal=S_TIM8_CH1
PD13.GPIOParameters=GPIO_Label
PD7.Signal=GPIO_Output
PD1.Signal=GPIO_Output
PA11.GPIO_Label=mtr0_inB1
Mcu.Pin68=PD5
Mcu.Pin69=PD6
PC0.Signal=GPIO_Output
PB14.Locked=true
PC14-OSC32_IN.Signal=GPIO_Output
PC11.GPIOParameters=GPIO_Label
PD6.Mode=Asynchronous
Mcu.Pin62=PC12
Mcu.Pin63=PD0
Mcu.Pin60=PC10
Mcu.Pin61=PC11
SH.S_TIM2_CH1_ETR.ConfNb=1
Mcu.Pin66=PD3
SH.S_TIM8_CH2.0=TIM8_CH2,PWM Generation2 CH2
Mcu.Pin67=PD4
Mcu.Pin64=PD1
PA0-WKUP.GPIO_Label=e_digSens1A
Mcu.Pin65=PD2
PA0-WKUP.Signal=S_TIM5_CH1
PC3.GPIOParameters=GPIO_Label
PD10.Signal=GPIO_Output
PB8.GPIO_Label=mtr0_pwmA
PA11.Locked=true
PA8.GPIO_Label=mtr3_pwm0
PC15-OSC32_OUT.Locked=true
Mcu.Pin59=PA15
Mcu.Pin57=PA13
Mcu.Pin58=PA14
Mcu.Pin51=PC9
Mcu.Pin52=PA8
Mcu.Pin50=PC8
Mcu.Pin55=PA11
Mcu.Pin56=PA12
Mcu.Pin53=PA9
PE8.GPIO_Label=adc2_cnvst
Mcu.Pin54=PA10
PA9.Signal=S_TIM1_CH2
SH.S_TIM2_CH2.ConfNb=1
TIM1.Channel-PWM\ Generation2\ CH2=TIM_CHANNEL_2
SH.S_TIM5_CH3.ConfNb=1
PD7.Locked=true
PE9.GPIO_Label=tc0_cs
Mcu.Pin48=PC6
Mcu.Pin49=PC7
Mcu.Pin46=PD13
Mcu.Pin47=PD14
PB10.Signal=GPIO_Output
PB14.Signal=SPI2_MISO
PA5.Signal=SPI1_SCK
Mcu.Pin40=PB15
Mcu.Pin41=PD8
Mcu.Pin44=PD11
SH.S_TIM8_CH1.0=TIM8_CH1,PWM Generation1 CH1
Mcu.Pin45=PD12
Mcu.Pin42=PD9
Mcu.Pin43=PD10
PE1.GPIO_Label=en_vlv0
ProjectManager.LastFirmware=true
PE14.Signal=SPI4_MOSI
PE15.Signal=GPIO_Output
Mcu.Pin37=PB12
PB4.GPIO_Label=mtr1_pwmA
Mcu.Pin38=PB13
Mcu.Pin35=PE15
PE8.Signal=GPIO_Output
Mcu.Pin36=PB10
RCC.PLLI2SPCLKFreq_Value=96000000
SPI1.Mode=SPI_MODE_MASTER
Mcu.Pin39=PB14
PC2.GPIOParameters=GPIO_Label
Mcu.Pin30=PE10
PA1.GPIO_Label=e_digSens1B
Mcu.Pin33=PE13
TIM3.IPParameters=Channel-PWM Generation1 CH1,Channel-PWM Generation2 CH2
Mcu.Pin34=PE14
Mcu.Pin31=PE11
Mcu.Pin32=PE12
PA9.Locked=true
NVIC.NonMaskableInt_IRQn=true\:0\:0\:false\:false\:true\:false\:false
PC10.GPIOParameters=GPIO_Label
PH1-OSC_OUT.GPIO_Label=OSC_OUT
PE7.Locked=true
PA13.Mode=JTAG_4_pins
ProjectManager.FreePins=false
PC9.GPIOParameters=GPIO_Label
RCC.PLLI2SQCLKFreq_Value=96000000
Mcu.Pin26=PB2
Mcu.Pin27=PE7
Mcu.Pin24=PB0
ProjectManager.UnderRoot=false
Mcu.Pin25=PB1
Mcu.Pin28=PE8
PC7.GPIO_Label=mtr2_pwm1
Mcu.Pin29=PE9
PA4.Signal=GPIO_Input
PD14.GPIOParameters=GPIO_Label
Mcu.Pin22=PC4
PB5.Signal=S_TIM3_CH2
Mcu.Pin23=PC5
Mcu.Pin20=PA6
PA3.Locked=true
Mcu.Pin21=PA7
PD10.Locked=true
PA5.GPIO_Label=SPI1_SCK
PA10.Locked=true
NVIC.ForceEnableDMAVector=true
PD11.Signal=GPIO_Output
PA14.GPIOParameters=GPIO_Label
NVIC.MemoryManagement_IRQn=true\:0\:0\:false\:false\:true\:false\:false
PE5.GPIO_Label=en_vlv5
PC12.GPIO_Label=mtr3_in0
USART1.VirtualMode=VM_ASYNC
ProjectManager.CompilerOptimize=6
PA11.Signal=GPIO_Output
SH.S_TIM2_CH1_ETR.0=TIM2_CH1,PWM Generation1 CH1
ProjectManager.HeapSize=0x200
Mcu.Pin15=PA1
NVIC.HardFault_IRQn=true\:0\:0\:false\:false\:true\:false\:false
Mcu.Pin16=PA2
Mcu.Pin13=PC3
Mcu.Pin14=PA0-WKUP
Mcu.Pin19=PA5
SH.S_TIM3_CH1.ConfNb=1
ProjectManager.ComputerToolchain=false
Mcu.Pin17=PA3
Mcu.Pin18=PA4
VP_TIM4_VS_ClockSourceINT.Mode=Internal
NVIC.PriorityGroup=NVIC_PRIORITYGROUP_4
Mcu.Pin11=PC1
TIM3.Channel-PWM\ Generation2\ CH2=TIM_CHANNEL_2
Mcu.Pin12=PC2
PD0.GPIOParameters=GPIO_Label
Mcu.Pin10=PC0
PE2.Locked=true
PE3.Signal=GPIO_Output
PC3.GPIO_Label=LED3
TIM1.Channel-PWM\ Generation3\ CH3=TIM_CHANNEL_3
PD2.Signal=GPIO_Output
PD1.Locked=true
PB0.Signal=GPIO_Input
PA7.GPIOParameters=GPIO_Label
PC0.Locked=true
PB12.GPIOParameters=GPIO_Label
PC1.Signal=GPIO_Output
PD2.GPIO_Label=mtr1_inA0
PD7.GPIOParameters=GPIO_Label
Mcu.Family=STM32F4
ProjectManager.MainLocation=Src
PA6.Mode=Full_Duplex_Master
SH.S_TIM4_CH2.ConfNb=1
RCC.CortexFreq_Value=16000000
ProjectManager.KeepUserCode=true
Mcu.UserName=STM32F446VETx
PD9.GPIOParameters=GPIO_Label
PE11.GPIO_Label=tc2_cs
PC10.Locked=true
PC10.Signal=GPIO_Output
PC5.Locked=true
SPI4.Direction=SPI_DIRECTION_2LINES
PA12.GPIOParameters=GPIO_Label
ProjectManager.functionlistsort=1-MX_GPIO_Init-GPIO-false-HAL-true,2-SystemClock_Config-RCC-false-HAL-false,3-MX_SPI1_Init-SPI1-false-HAL-true,4-MX_SPI2_Init-SPI2-false-HAL-true,5-MX_TIM1_Init-TIM1-false-HAL-true,6-MX_TIM2_Init-TIM2-false-HAL-true,7-MX_TIM8_Init-TIM8-false-HAL-true,8-MX_USART1_UART_Init-USART1-false-HAL-true
PC0.GPIOParameters=GPIO_Label
PA9.GPIOParameters=GPIO_Label
SH.S_TIM5_CH2.0=TIM5_CH2,Xored_Inputs_Hall_Sensor_Interface
PA11.GPIOParameters=GPIO_Label
PC0.GPIO_Label=LED0
PD0.GPIO_Label=mtr3_in1
PH0-OSC_IN.GPIOParameters=GPIO_Label
PC9.Locked=true
PD6.Locked=true
PB0.GPIO_Label=adc1_eoc
RCC.PLLI2SRCLKFreq_Value=96000000
PD2.Locked=true
SH.S_TIM1_CH3.ConfNb=1
TIM2.Channel-PWM\ Generation2\ CH2=TIM_CHANNEL_2
PC13.GPIO_Label=en_vlv3
PC1.Locked=true
PB15.Signal=SPI2_MOSI
PE5.GPIOParameters=GPIO_Label
ProjectManager.StackSize=0x400
PB5.GPIOParameters=GPIO_Label
PD13.Signal=S_TIM4_CH2
Mcu.IP4=SPI4
Mcu.IP5=SYS
Mcu.IP2=SPI1
Mcu.IP3=SPI2
PA15.GPIO_Label=GPIO_0 (not jtdi)
PB4.GPIOParameters=GPIO_Label
Mcu.IP0=NVIC
PA12.Locked=true
Mcu.IP1=RCC
PA12.Signal=GPIO_Output
PE4.GPIOParameters=GPIO_Label
Mcu.UserConstants=
SPI4.Mode=SPI_MODE_MASTER
PC1.GPIOParameters=GPIO_Label
Mcu.ThirdPartyNb=0
RCC.SDIOFreq_Value=96000000
PD11.GPIO_Label=mtr2_in2
TIM8.Channel-PWM\ Generation1\ CH1=TIM_CHANNEL_1
Mcu.IPNb=14
ProjectManager.PreviousToolchain=
SH.S_TIM5_CH3.0=TIM5_CH3,Xored_Inputs_Hall_Sensor_Interface
PD8.GPIOParameters=GPIO_Label
PA8.GPIOParameters=GPIO_Label
Mcu.Pin6=PC14-OSC32_IN
Mcu.Pin7=PC15-OSC32_OUT
Mcu.Pin8=PH0-OSC_IN
Mcu.Pin9=PH1-OSC_OUT
RCC.VCOSAIOutputFreq_Value=192000000
SPI4.IPParameters=VirtualType,Mode,Direction,CalculateBaudRate
PH0-OSC_IN.Mode=HSE-External-Oscillator
PH0-OSC_IN.GPIO_Label=OSC_IN
Mcu.Pin0=PE2
Mcu.Pin1=PE3
PD5.Mode=Asynchronous
TIM3.Channel-PWM\ Generation1\ CH1=TIM_CHANNEL_1
TIM8.IPParameters=Channel-PWM Generation3 CH3,Channel-PWM Generation1 CH1,Channel-PWM Generation2 CH2
Mcu.Pin2=PE4
Mcu.Pin3=PE5
Mcu.Pin4=PE6
PA0-WKUP.GPIOParameters=GPIO_Label
PD10.GPIOParameters=GPIO_Label
Mcu.Pin5=PC13
NVIC.DebugMonitor_IRQn=true\:0\:0\:false\:false\:true\:false\:false
Mcu.IP10=TIM5
PA15.Mode=JTAG_4_pins
NVIC.SysTick_IRQn=true\:0\:0\:false\:false\:true\:false\:true
Mcu.IP12=USART1
Mcu.IP11=TIM8
Mcu.IP13=USART2
PE13.Signal=SPI4_MISO
RCC.VCOInputFreq_Value=1000000
PA14.Mode=JTAG_4_pins
PE8.Locked=true
PC11.GPIO_Label=mtr0_inA1
File.Version=6
PA10.GPIO_Label=mtr3_pwm2
PE3.GPIOParameters=GPIO_Label
PB3.GPIOParameters=GPIO_Label
PE3.Locked=true
PB7.Signal=USART1_RX
TIM2.Channel-PWM\ Generation1\ CH1=TIM_CHANNEL_1
SH.S_TIM3_CH1.0=TIM3_CH1,PWM Generation1 CH1
PE4.Signal=GPIO_Output
PE6.GPIOParameters=GPIO_Label
PB0.Locked=true
PC14-OSC32_IN.GPIOParameters=GPIO_Label
ProjectManager.ProjectName=pressurization_series1_uC
SH.S_TIM8_CH3.ConfNb=1
PD7.GPIO_Label=mtrin_B1
PA13.GPIOParameters=GPIO_Label
PH1-OSC_OUT.Mode=HSE-External-Oscillator
PD13.GPIO_Label=e_digSens0B
PA6.Signal=SPI1_MISO
USART2.VirtualMode=VM_ASYNC
ProjectManager.ToolChainLocation=
PA2.GPIO_Label=e_digSens1C
TIM8.Channel-PWM\ Generation2\ CH2=TIM_CHANNEL_2
PA15.Signal=SYS_JTDI
PE0.GPIO_Label=GPIO_1
PB5.GPIO_Label=mtr1_pwmB
SH.S_TIM5_CH1.0=TIM5_CH1,Xored_Inputs_Hall_Sensor_Interface
PC4.Locked=true
PC14-OSC32_IN.GPIO_Label=en_vlv2
SPI2.Direction=SPI_DIRECTION_2LINES
PC5.Signal=GPIO_Output
PD3.GPIO_Label=mtr1_inA1
PE7.Signal=GPIO_Input
PD6.Signal=USART2_RX
RCC.SAIBFreq_Value=96000000
PE2.GPIO_Label=en_vlv8
PC2.GPIO_Label=LED2
PC14-OSC32_IN.Locked=true
PB15.Locked=true
PB4.Signal=S_TIM3_CH1
PA3.Signal=GPIO_Output
PB3.GPIO_Label=SW0
PE8.GPIOParameters=GPIO_Label
PB8.GPIOParameters=GPIO_Label
PA7.Mode=Full_Duplex_Master
PB9.GPIO_Label=mtr0_pwmB
PC10.GPIO_Label=mtr0_inA0
PC9.GPIO_Label=mtr0_inB0
ProjectManager.NoMain=false
SPI1.IPParameters=VirtualType,Mode,Direction,CalculateBaudRate
PC11.Signal=GPIO_Output
RCC.VCOI2SInputFreq_Value=1000000
PC8.Signal=S_TIM8_CH3
PC4.Signal=GPIO_Input
ProjectManager.DefaultFWLocation=true
PD9.Signal=GPIO_Output
PD5.Signal=USART2_TX
PB12.Locked=true
ProjectManager.DeletePrevious=true
PB10.Locked=true
PA12.GPIO_Label=GPIO_2
RCC.FamilyName=M
PE9.GPIOParameters=GPIO_Label
PE15.GPIOParameters=GPIO_Label
PD8.GPIO_Label=FLASH_CS
PB9.GPIOParameters=GPIO_Label
PC8.GPIO_Label=mtr2_pwm2
PC12.GPIOParameters=GPIO_Label
PA13.Signal=SYS_JTMS-SWDIO
SH.S_TIM2_CH2.0=TIM2_CH2,PWM Generation2 CH2
PE15.GPIO_Label=tc3_cs
SH.S_TIM1_CH1.0=TIM1_CH1,PWM Generation1 CH1
PD12.GPIOParameters=GPIO_Label
VP_TIM4_VS_ClockSourceINT.Signal=TIM4_VS_ClockSourceINT
ProjectManager.TargetToolchain=EWARM V8.32
PB10.GPIO_Label=tc4_cs
PE7.GPIOParameters=GPIO_Label
SH.S_TIM4_CH3.0=TIM4_CH3,Xored_Inputs_Hall_Sensor_Interface
PC5.GPIOParameters=GPIO_Label
PB2.GPIOParameters=GPIO_Label
PE4.Locked=true
SPI2.IPParameters=VirtualType,Mode,Direction,CalculateBaudRate
PE2.GPIOParameters=GPIO_Label
PC2.Locked=true
PE0.Locked=true
RCC.USBFreq_Value=96000000
PD10.GPIO_Label=mtr2_in1
PE11.Signal=GPIO_Output
PC15-OSC32_OUT.Signal=GPIO_Output
PD3.Locked=true
PA1.Signal=S_TIM5_CH2
PB1.Locked=true
SH.S_TIM1_CH2.ConfNb=1
SH.S_TIM4_CH3.ConfNb=1
RCC.VCOI2SOutputFreq_Value=192000000
SH.S_TIM3_CH2.0=TIM3_CH2,PWM Generation2 CH2
RCC.PLLSAIPCLKFreq_Value=96000000
board=custom
RCC.VCOOutputFreq_Value=192000000
PB15.Mode=Full_Duplex_Master
PD11.GPIOParameters=GPIO_Label
MxCube.Version=5.4.0
SH.S_TIM1_CH2.0=TIM1_CH2,PWM Generation2 CH2
PC13.GPIOParameters=GPIO_Label
PD4.GPIO_Label=mtr1_inB0
PE14.Mode=Full_Duplex_Master
PC1.GPIO_Label=LED1
PA10.GPIOParameters=GPIO_Label
PD4.GPIOParameters=GPIO_Label
VP_SYS_VS_Systick.Mode=SysTick
PH1-OSC_OUT.Signal=RCC_OSC_OUT
SPI4.CalculateBaudRate=8.0 MBits/s
PD14.GPIO_Label=e_digSens0C
PA4.GPIOParameters=GPIO_Label
PE5.Locked=true
PE6.Signal=GPIO_Output
RCC.IPParameters=CECFreq_Value,CortexFreq_Value,FamilyName,PLLCLKFreq_Value,PLLI2SPCLKFreq_Value,PLLI2SQCLKFreq_Value,PLLI2SRCLKFreq_Value,PLLQCLKFreq_Value,PLLRCLKFreq_Value,PLLSAIPCLKFreq_Value,PLLSAIQCLKFreq_Value,SAIAFreq_Value,SAIBFreq_Value,SDIOFreq_Value,USBFreq_Value,VCOI2SInputFreq_Value,VCOI2SOutputFreq_Value,VCOInputFreq_Value,VCOOutputFreq_Value,VCOSAIInputFreq_Value,VCOSAIOutputFreq_Value
PE11.Locked=true
ProjectManager.AskForMigrate=false
Mcu.Name=STM32F446V(C-E)Tx
PE0.Signal=GPIO_Output
PE7.GPIO_Label=adc2_eoc
PE12.Signal=SPI4_SCK
PA2.Signal=S_TIM5_CH3
PA13.GPIO_Label=SWDIO
PB2.Locked=true
Mcu.IP8=TIM3
Mcu.IP9=TIM4
PD14.Signal=S_TIM4_CH3
Mcu.IP6=TIM1
RCC.VCOSAIInputFreq_Value=1000000
Mcu.IP7=TIM2
ProjectManager.CoupleFile=false
PB3.Signal=SYS_JTDO-SWO
PA7.GPIO_Label=SPI1_MOSI
KeepUserPlacement=false
PC5.GPIO_Label=adc1_cs
PA13.Locked=true
PH1-OSC_OUT.GPIOParameters=GPIO_Label
PB7.Mode=Asynchronous
PA14.Signal=SYS_JTCK-SWCLK
PB2.GPIO_Label=adc2_cs
PC6.GPIOParameters=GPIO_Label
SH.S_TIM1_CH3.0=TIM1_CH3,PWM Generation3 CH3
PB8.Signal=S_TIM2_CH1_ETR
PE3.GPIO_Label=en_vlv7
PC9.Signal=GPIO_Output
PD9.Locked=true
ProjectManager.DeviceId=STM32F446VETx
SH.S_TIM8_CH2.ConfNb=1
PB12.Signal=GPIO_Output
ProjectManager.LibraryCopy=0
SH.S_TIM5_CH1.ConfNb=1
PE1.GPIOParameters=GPIO_Label
PA3.GPIO_Label=adc0_cs
PB1.GPIOParameters=GPIO_Label
PA7.Signal=SPI1_MOSI
